
Microsoft Visual Studio Solution File, Format Version 12.00
# Visual Studio Version 17
VisualStudioVersion = 17.7.34024.191
MinimumVisualStudioVersion = 10.0.40219.1
Project("{FAE04EC0-301F-11D3-BF4B-00C04F79EFBC}") = "proga_2_1_csh_3sem", "proga_2_1_csh_3sem\proga_2_1_csh_3sem.csproj", "{A3B8AD3C-4ACC-448F-8994-11ABBCF2AF34}"
EndProject
Global
	GlobalSection(SolutionConfigurationPlatforms) = preSolution
		Debug|Any CPU = Debug|Any CPU
		Release|Any CPU = Release|Any CPU
	EndGlobalSection
	GlobalSection(ProjectConfigurationPlatforms) = postSolution
		{A3B8AD3C-4ACC-448F-8994-11ABBCF2AF34}.Debug|Any CPU.ActiveCfg = Debug|Any CPU
		{A3B8AD3C-4ACC-448F-8994-11ABBCF2AF34}.Debug|Any CPU.Build.0 = Debug|Any CPU
		{A3B8AD3C-4ACC-448F-8994-11ABBCF2AF34}.Release|Any CPU.ActiveCfg = Release|Any CPU
		{A3B8AD3C-4ACC-448F-8994-11ABBCF2AF34}.Release|Any CPU.Build.0 = Release|Any CPU
	EndGlobalSection
	GlobalSection(SolutionProperties) = preSolution
		HideSolutionNode = FALSE
	EndGlobalSection
	GlobalSection(ExtensibilityGlobals) = postSolution
		SolutionGuid = {42E6CA92-658C-4787-B38C-4C751C9489D4}
	EndGlobalSection
EndGlobal
